
Microsoft Visual Studio Solution File, Format Version 12.00
# Visual Studio Version 17
VisualStudioVersion = 17.10.35122.118
MinimumVisualStudioVersion = 10.0.40219.1
Project("{FAE04EC0-301F-11D3-BF4B-00C04F79EFBC}") = "app", "app\app.csproj", "{6EC21A3D-CE22-435D-9905-570902A5A165}"
EndProject
Project("{FAE04EC0-301F-11D3-BF4B-00C04F79EFBC}") = "app.Tests", "app.Tests\app.Tests.csproj", "{B7460D15-3717-424C-BAB9-B8969019CE18}"
EndProject
Global
	GlobalSection(SolutionConfigurationPlatforms) = preSolution
		Debug|Any CPU = Debug|Any CPU
		Release|Any CPU = Release|Any CPU
	EndGlobalSection
	GlobalSection(ProjectConfigurationPlatforms) = postSolution
		{6EC21A3D-CE22-435D-9905-570902A5A165}.Debug|Any CPU.ActiveCfg = Debug|Any CPU
		{6EC21A3D-CE22-435D-9905-570902A5A165}.Debug|Any CPU.Build.0 = Debug|Any CPU
		{6EC21A3D-CE22-435D-9905-570902A5A165}.Release|Any CPU.ActiveCfg = Release|Any CPU
		{6EC21A3D-CE22-435D-9905-570902A5A165}.Release|Any CPU.Build.0 = Release|Any CPU
		{B7460D15-3717-424C-BAB9-B8969019CE18}.Debug|Any CPU.ActiveCfg = Debug|Any CPU
		{B7460D15-3717-424C-BAB9-B8969019CE18}.Debug|Any CPU.Build.0 = Debug|Any CPU
		{B7460D15-3717-424C-BAB9-B8969019CE18}.Release|Any CPU.ActiveCfg = Release|Any CPU
		{B7460D15-3717-424C-BAB9-B8969019CE18}.Release|Any CPU.Build.0 = Release|Any CPU
	EndGlobalSection
	GlobalSection(SolutionProperties) = preSolution
		HideSolutionNode = FALSE
	EndGlobalSection
	GlobalSection(ExtensibilityGlobals) = postSolution
		SolutionGuid = {BD299F6A-B1C0-4AEC-975C-0249DE8D6046}
	EndGlobalSection
EndGlobal
